
Microsoft Visual Studio Solution File, Format Version 12.00
# Visual Studio Version 17
VisualStudioVersion = 17.4.33205.214
MinimumVisualStudioVersion = 10.0.40219.1
Project("{8BC9CEB8-8B4A-11D0-8D11-00A0C91BC942}") = "SocketOdevClient", "SocketOdevClient\SocketOdevClient.vcxproj", "{CD31A371-DB3C-49A9-A162-E1CC0615EF2E}"
EndProject
Global
	GlobalSection(SolutionConfigurationPlatforms) = preSolution
		Debug|x64 = Debug|x64
		Debug|x86 = Debug|x86
		Release|x64 = Release|x64
		Release|x86 = Release|x86
	EndGlobalSection
	GlobalSection(ProjectConfigurationPlatforms) = postSolution
		{CD31A371-DB3C-49A9-A162-E1CC0615EF2E}.Debug|x64.ActiveCfg = Debug|x64
		{CD31A371-DB3C-49A9-A162-E1CC0615EF2E}.Debug|x64.Build.0 = Debug|x64
		{CD31A371-DB3C-49A9-A162-E1CC0615EF2E}.Debug|x86.ActiveCfg = Debug|Win32
		{CD31A371-DB3C-49A9-A162-E1CC0615EF2E}.Debug|x86.Build.0 = Debug|Win32
		{CD31A371-DB3C-49A9-A162-E1CC0615EF2E}.Release|x64.ActiveCfg = Release|x64
		{CD31A371-DB3C-49A9-A162-E1CC0615EF2E}.Release|x64.Build.0 = Release|x64
		{CD31A371-DB3C-49A9-A162-E1CC0615EF2E}.Release|x86.ActiveCfg = Release|Win32
		{CD31A371-DB3C-49A9-A162-E1CC0615EF2E}.Release|x86.Build.0 = Release|Win32
	EndGlobalSection
	GlobalSection(SolutionProperties) = preSolution
		HideSolutionNode = FALSE
	EndGlobalSection
	GlobalSection(ExtensibilityGlobals) = postSolution
		SolutionGuid = {A8FAA3CC-3919-42DD-90DD-2D63C7398A40}
	EndGlobalSection
EndGlobal
